PODS:
  - ar_location_view (0.0.1):
    - Flutter
  - camera_avfoundation (0.0.1):
    - Flutter
  - device_info_plus (0.0.1):
    - Flutter
  - Flutter (1.0.0)
  - flutter_activity_recognition (0.0.1):
    - Flutter
  - flutter_inappwebview (0.0.1):
    - Flutter
    - flutter_inappwebview/Core (= 0.0.1)
    - OrderedSet (~> 5.0)
  - flutter_inappwebview/Core (0.0.1):
    - Flutter
    - OrderedSet (~> 5.0)
  - flutter_keyboard_visibility (0.0.1):
    - Flutter
  - flutter_local_notifications (0.0.1):
    - Flutter
  - flutter_timezone (0.0.1):
    - Flutter
  - geolocator_apple (1.2.0):
    - Flutter
  - native_device_orientation (0.0.1):
    - Flutter
  - OrderedSet (5.0.0)
  - package_info_plus (0.4.5):
    - Flutter
  - path_provider_foundation (0.0.1):
    - Flutter
    - FlutterMacOS
  - permission_handler_apple (9.0.4):
    - Flutter
  - sensors_plus (0.0.1):
    - Flutter
  - shared_preferences_foundation (0.0.1):
    - Flutter
    - FlutterMacOS
  - url_launcher_ios (0.0.1):
    - Flutter
  - vibration (1.7.5):
    - Flutter
  - wakelock (0.0.1):
    - Flutter
  - workmanager (0.0.1):
    - Flutter

DEPENDENCIES:
  - ar_location_view (from `.symlinks/plugins/ar_location_view/ios`)
  - camera_avfoundation (from `.symlinks/plugins/camera_avfoundation/ios`)
  - device_info_plus (from `.symlinks/plugins/device_info_plus/ios`)
  - Flutter (from `Flutter`)
  - flutter_activity_recognition (from `.symlinks/plugins/flutter_activity_recognition/ios`)
  - flutter_inappwebview (from `.symlinks/plugins/flutter_inappwebview/ios`)
  - flutter_keyboard_visibility (from `.symlinks/plugins/flutter_keyboard_visibility/ios`)
  - flutter_local_notifications (from `.symlinks/plugins/flutter_local_notifications/ios`)
  - flutter_timezone (from `.symlinks/plugins/flutter_timezone/ios`)
  - geolocator_apple (from `.symlinks/plugins/geolocator_apple/ios`)
  - native_device_orientation (from `.symlinks/plugins/native_device_orientation/ios`)
  - package_info_plus (from `.symlinks/plugins/package_info_plus/ios`)
  - path_provider_foundation (from `.symlinks/plugins/path_provider_foundation/darwin`)
  - permission_handler_apple (from `.symlinks/plugins/permission_handler_apple/ios`)
  - sensors_plus (from `.symlinks/plugins/sensors_plus/ios`)
  - shared_preferences_foundation (from `.symlinks/plugins/shared_preferences_foundation/darwin`)
  - url_launcher_ios (from `.symlinks/plugins/url_launcher_ios/ios`)
  - vibration (from `.symlinks/plugins/vibration/ios`)
  - wakelock (from `.symlinks/plugins/wakelock/ios`)
  - workmanager (from `.symlinks/plugins/workmanager/ios`)

SPEC REPOS:
  trunk:
    - OrderedSet

EXTERNAL SOURCES:
  ar_location_view:
    :path: ".symlinks/plugins/ar_location_view/ios"
  camera_avfoundation:
    :path: ".symlinks/plugins/camera_avfoundation/ios"
  device_info_plus:
    :path: ".symlinks/plugins/device_info_plus/ios"
  Flutter:
    :path: Flutter
  flutter_activity_recognition:
    :path: ".symlinks/plugins/flutter_activity_recognition/ios"
  flutter_inappwebview:
    :path: ".symlinks/plugins/flutter_inappwebview/ios"
  flutter_keyboard_visibility:
    :path: ".symlinks/plugins/flutter_keyboard_visibility/ios"
  flutter_local_notifications:
    :path: ".symlinks/plugins/flutter_local_notifications/ios"
  flutter_timezone:
    :path: ".symlinks/plugins/flutter_timezone/ios"
  geolocator_apple:
    :path: ".symlinks/plugins/geolocator_apple/ios"
  native_device_orientation:
    :path: ".symlinks/plugins/native_device_orientation/ios"
  package_info_plus:
    :path: ".symlinks/plugins/package_info_plus/ios"
  path_provider_foundation:
    :path: ".symlinks/plugins/path_provider_foundation/darwin"
  permission_handler_apple:
    :path: ".symlinks/plugins/permission_handler_apple/ios"
  sensors_plus:
    :path: ".symlinks/plugins/sensors_plus/ios"
  shared_preferences_foundation:
    :path: ".symlinks/plugins/shared_preferences_foundation/darwin"
  url_launcher_ios:
    :path: ".symlinks/plugins/url_launcher_ios/ios"
  vibration:
    :path: ".symlinks/plugins/vibration/ios"
  wakelock:
    :path: ".symlinks/plugins/wakelock/ios"
  workmanager:
    :path: ".symlinks/plugins/workmanager/ios"

SPEC CHECKSUMS:
  ar_location_view: 135d2ac125894b8d2567c3574600912021b2a214
  camera_avfoundation: 3125e8cd1a4387f6f31c6c63abb8a55892a9eeeb
  device_info_plus: e5c5da33f982a436e103237c0c85f9031142abed
  Flutter: f04841e97a9d0b0a8025694d0796dd46242b2854
  flutter_activity_recognition: 5c3b026997742b01e82424ef257db9640822ad77
  flutter_inappwebview: bfd58618f49dc62f2676de690fc6dcda1d6c3721
  flutter_keyboard_visibility: 0339d06371254c3eb25eeb90ba8d17dca8f9c069
  flutter_local_notifications: 0c0b1ae97e741e1521e4c1629a459d04b9aec743
  flutter_timezone: ffb07bdad3c6276af8dada0f11978d8a1f8a20bb
  geolocator_apple: cc556e6844d508c95df1e87e3ea6fa4e58c50401
  native_device_orientation: 3b4cfc9565a7b879cc4fde282b3e27745e852d0d
  OrderedSet: aaeb196f7fef5a9edf55d89760da9176ad40b93c
  package_info_plus: 6c92f08e1f853dc01228d6f553146438dafcd14e
  path_provider_foundation: c68054786f1b4f3343858c1e1d0caaded73f0be9
  permission_handler_apple: 44366e37eaf29454a1e7b1b7d736c2cceaeb17ce
  sensors_plus: 5717760720f7e6acd96fdbd75b7428f5ad755ec2
  shared_preferences_foundation: 986fc17f3d3251412d18b0265f9c64113a8c2472
  url_launcher_ios: 08a3dfac5fb39e8759aeb0abbd5d9480f30fc8b4
  vibration: 7d883d141656a1c1a6d8d238616b2042a51a1241
  wakelock: d0fc7c864128eac40eba1617cb5264d9c940b46f
  workmanager: 0afdcf5628bbde6924c21af7836fed07b42e30e6

PODFILE CHECKSUM: 0ade23f81ff77ef799aecccda41869bacfe0b9dc

COCOAPODS: 1.11.3
